
Microsoft Visual Studio Solution File, Format Version 12.00
# Visual Studio 15
VisualStudioVersion = 15.0.27520.0
MinimumVisualStudioVersion = 10.0.40219.1
Project("{FAE04EC0-301F-11D3-BF4B-00C04F79EFBC}") = "StorageChallenge", "StorageChallenge\StorageChallenge.csproj", "{CD05D2DF-3DC4-4BEE-8203-33E7373B947B}"
EndProject
Project("{151D2E53-A2C4-4D7D-83FE-D05416EBD58E}") = "StorageChallengeDeploy", "StorageChallengeDeploy\StorageChallengeDeploy.deployproj", "{67705431-92A2-4793-9B5F-9F874BAEF7D3}"
EndProject
Global
	GlobalSection(SolutionConfigurationPlatforms) = preSolution
		Debug|Any CPU = Debug|Any CPU
		Release|Any CPU = Release|Any CPU
	EndGlobalSection
	GlobalSection(ProjectConfigurationPlatforms) = postSolution
		{CD05D2DF-3DC4-4BEE-8203-33E7373B947B}.Debug|Any CPU.ActiveCfg = Debug|Any CPU
		{CD05D2DF-3DC4-4BEE-8203-33E7373B947B}.Debug|Any CPU.Build.0 = Debug|Any CPU
		{CD05D2DF-3DC4-4BEE-8203-33E7373B947B}.Release|Any CPU.ActiveCfg = Release|Any CPU
		{CD05D2DF-3DC4-4BEE-8203-33E7373B947B}.Release|Any CPU.Build.0 = Release|Any CPU
		{67705431-92A2-4793-9B5F-9F874BAEF7D3}.Debug|Any CPU.ActiveCfg = Debug|Any CPU
		{67705431-92A2-4793-9B5F-9F874BAEF7D3}.Debug|Any CPU.Build.0 = Debug|Any CPU
		{67705431-92A2-4793-9B5F-9F874BAEF7D3}.Release|Any CPU.ActiveCfg = Release|Any CPU
		{67705431-92A2-4793-9B5F-9F874BAEF7D3}.Release|Any CPU.Build.0 = Release|Any CPU
	EndGlobalSection
	GlobalSection(SolutionProperties) = preSolution
		HideSolutionNode = FALSE
	EndGlobalSection
	GlobalSection(ExtensibilityGlobals) = postSolution
		SolutionGuid = {99EFE472-F021-449A-A046-F2B909F9B432}
	EndGlobalSection
EndGlobal
